
Microsoft Visual Studio Solution File, Format Version 12.00
# Visual Studio Version 16
VisualStudioVersion = 16.0.31613.86
MinimumVisualStudioVersion = 10.0.40219.1
Project("{FAE04EC0-301F-11D3-BF4B-00C04F79EFBC}") = "overloading.cs", "overloading.cs.csproj", "{05AA966A-3F0C-4D80-B02A-197B3F28AF3D}"
EndProject
Global
	GlobalSection(SolutionConfigurationPlatforms) = preSolution
		Debug|Any CPU = Debug|Any CPU
		Release|Any CPU = Release|Any CPU
	EndGlobalSection
	GlobalSection(ProjectConfigurationPlatforms) = postSolution
		{05AA966A-3F0C-4D80-B02A-197B3F28AF3D}.Debug|Any CPU.ActiveCfg = Debug|Any CPU
		{05AA966A-3F0C-4D80-B02A-197B3F28AF3D}.Debug|Any CPU.Build.0 = Debug|Any CPU
		{05AA966A-3F0C-4D80-B02A-197B3F28AF3D}.Release|Any CPU.ActiveCfg = Release|Any CPU
		{05AA966A-3F0C-4D80-B02A-197B3F28AF3D}.Release|Any CPU.Build.0 = Release|Any CPU
	EndGlobalSection
	GlobalSection(SolutionProperties) = preSolution
		HideSolutionNode = FALSE
	EndGlobalSection
	GlobalSection(ExtensibilityGlobals) = postSolution
		SolutionGuid = {CFBB1188-EFC1-4DCE-BAC1-D5B3939A6184}
	EndGlobalSection
EndGlobal
